
Microsoft Visual Studio Solution File, Format Version 12.00
# Visual Studio Version 17
VisualStudioVersion = 17.0.31903.59
MinimumVisualStudioVersion = 10.0.40219.1
Project("{FAE04EC0-301F-11D3-BF4B-00C04F79EFBC}") = "Microsoft.Extensions.AI.VllmChatClient", "Microsoft.Extensions.AI.VllmChatClient\Microsoft.Extensions.AI.VllmChatClient.csproj", "{EC36257D-8CDF-4A45-957B-7630394EFFAA}"
EndProject
Project("{FAE04EC0-301F-11D3-BF4B-00C04F79EFBC}") = "VllmChatClient.Test", "VllmChatClient.Test\VllmChatClient.Test.csproj", "{8AC9E824-D937-4256-AAA8-C9CD46063933}"
EndProject
Global
	GlobalSection(SolutionConfigurationPlatforms) = preSolution
		Debug|Any CPU = Debug|Any CPU
		Debug|x64 = Debug|x64
		Debug|x86 = Debug|x86
		Release|Any CPU = Release|Any CPU
		Release|x64 = Release|x64
		Release|x86 = Release|x86
	EndGlobalSection
	GlobalSection(ProjectConfigurationPlatforms) = postSolution
		{EC36257D-8CDF-4A45-957B-7630394EFFAA}.Debug|Any CPU.ActiveCfg = Debug|Any CPU
		{EC36257D-8CDF-4A45-957B-7630394EFFAA}.Debug|Any CPU.Build.0 = Debug|Any CPU
		{EC36257D-8CDF-4A45-957B-7630394EFFAA}.Debug|x64.ActiveCfg = Debug|Any CPU
		{EC36257D-8CDF-4A45-957B-7630394EFFAA}.Debug|x64.Build.0 = Debug|Any CPU
		{EC36257D-8CDF-4A45-957B-7630394EFFAA}.Debug|x86.ActiveCfg = Debug|Any CPU
		{EC36257D-8CDF-4A45-957B-7630394EFFAA}.Debug|x86.Build.0 = Debug|Any CPU
		{EC36257D-8CDF-4A45-957B-7630394EFFAA}.Release|Any CPU.ActiveCfg = Release|Any CPU
		{EC36257D-8CDF-4A45-957B-7630394EFFAA}.Release|Any CPU.Build.0 = Release|Any CPU
		{EC36257D-8CDF-4A45-957B-7630394EFFAA}.Release|x64.ActiveCfg = Release|Any CPU
		{EC36257D-8CDF-4A45-957B-7630394EFFAA}.Release|x64.Build.0 = Release|Any CPU
		{EC36257D-8CDF-4A45-957B-7630394EFFAA}.Release|x86.ActiveCfg = Release|Any CPU
		{EC36257D-8CDF-4A45-957B-7630394EFFAA}.Release|x86.Build.0 = Release|Any CPU
		{8AC9E824-D937-4256-AAA8-C9CD46063933}.Debug|Any CPU.ActiveCfg = Debug|Any CPU
		{8AC9E824-D937-4256-AAA8-C9CD46063933}.Debug|Any CPU.Build.0 = Debug|Any CPU
		{8AC9E824-D937-4256-AAA8-C9CD46063933}.Debug|x64.ActiveCfg = Debug|Any CPU
		{8AC9E824-D937-4256-AAA8-C9CD46063933}.Debug|x64.Build.0 = Debug|Any CPU
		{8AC9E824-D937-4256-AAA8-C9CD46063933}.Debug|x86.ActiveCfg = Debug|Any CPU
		{8AC9E824-D937-4256-AAA8-C9CD46063933}.Debug|x86.Build.0 = Debug|Any CPU
		{8AC9E824-D937-4256-AAA8-C9CD46063933}.Release|Any CPU.ActiveCfg = Release|Any CPU
		{8AC9E824-D937-4256-AAA8-C9CD46063933}.Release|Any CPU.Build.0 = Release|Any CPU
		{8AC9E824-D937-4256-AAA8-C9CD46063933}.Release|x64.ActiveCfg = Release|Any CPU
		{8AC9E824-D937-4256-AAA8-C9CD46063933}.Release|x64.Build.0 = Release|Any CPU
		{8AC9E824-D937-4256-AAA8-C9CD46063933}.Release|x86.ActiveCfg = Release|Any CPU
		{8AC9E824-D937-4256-AAA8-C9CD46063933}.Release|x86.Build.0 = Release|Any CPU
	EndGlobalSection
	GlobalSection(SolutionProperties) = preSolution
		HideSolutionNode = FALSE
	EndGlobalSection
EndGlobal
